
Microsoft Visual Studio Solution File, Format Version 12.00
# Visual Studio 2013
VisualStudioVersion = 12.0.31101.0
MinimumVisualStudioVersion = 10.0.40219.1
Project("{2150E333-8FDC-42A3-9474-1A3956D46DE8}") = "MeetingApp", "MeetingApp", "{EFA71BA7-28D2-4FD2-BF27-CF9165E7270F}"
EndProject
Project("{D954291E-2A0B-460D-934E-DC6B0785DB48}") = "MeetingApp.Shared", "MeetingApp\MeetingApp.Shared\MeetingApp.Shared.shproj", "{0473255C-BF14-43C5-8AE8-CA58B247DDC3}"
EndProject
Project("{FAE04EC0-301F-11D3-BF4B-00C04F79EFBC}") = "MeetingApp.WindowsPhone", "MeetingApp\MeetingApp.WindowsPhone\MeetingApp.WindowsPhone.csproj", "{70D7CC64-3B67-4EE4-B41C-B6D128079A75}"
EndProject
Global
	GlobalSection(SharedMSBuildProjectFiles) = preSolution
		MeetingApp\MeetingApp.Shared\MeetingApp.Shared.projitems*{70d7cc64-3b67-4ee4-b41c-b6d128079a75}*SharedItemsImports = 4
		MeetingApp\MeetingApp.Shared\MeetingApp.Shared.projitems*{0473255c-bf14-43c5-8ae8-ca58b247ddc3}*SharedItemsImports = 13
	EndGlobalSection
	GlobalSection(SolutionConfigurationPlatforms) = preSolution
		Debug|Any CPU = Debug|Any CPU
		Debug|ARM = Debug|ARM
		Debug|x64 = Debug|x64
		Debug|x86 = Debug|x86
		Release|Any CPU = Release|Any CPU
		Release|ARM = Release|ARM
		Release|x64 = Release|x64
		Release|x86 = Release|x86
	EndGlobalSection
	GlobalSection(ProjectConfigurationPlatforms) = postSolution
		{70D7CC64-3B67-4EE4-B41C-B6D128079A75}.Debug|Any CPU.ActiveCfg = Debug|Any CPU
		{70D7CC64-3B67-4EE4-B41C-B6D128079A75}.Debug|Any CPU.Build.0 = Debug|Any CPU
		{70D7CC64-3B67-4EE4-B41C-B6D128079A75}.Debug|Any CPU.Deploy.0 = Debug|Any CPU
		{70D7CC64-3B67-4EE4-B41C-B6D128079A75}.Debug|ARM.ActiveCfg = Debug|ARM
		{70D7CC64-3B67-4EE4-B41C-B6D128079A75}.Debug|ARM.Build.0 = Debug|ARM
		{70D7CC64-3B67-4EE4-B41C-B6D128079A75}.Debug|ARM.Deploy.0 = Debug|ARM
		{70D7CC64-3B67-4EE4-B41C-B6D128079A75}.Debug|x64.ActiveCfg = Debug|Any CPU
		{70D7CC64-3B67-4EE4-B41C-B6D128079A75}.Debug|x86.ActiveCfg = Debug|x86
		{70D7CC64-3B67-4EE4-B41C-B6D128079A75}.Debug|x86.Build.0 = Debug|x86
		{70D7CC64-3B67-4EE4-B41C-B6D128079A75}.Debug|x86.Deploy.0 = Debug|x86
		{70D7CC64-3B67-4EE4-B41C-B6D128079A75}.Release|Any CPU.ActiveCfg = Release|Any CPU
		{70D7CC64-3B67-4EE4-B41C-B6D128079A75}.Release|Any CPU.Build.0 = Release|Any CPU
		{70D7CC64-3B67-4EE4-B41C-B6D128079A75}.Release|Any CPU.Deploy.0 = Release|Any CPU
		{70D7CC64-3B67-4EE4-B41C-B6D128079A75}.Release|ARM.ActiveCfg = Release|ARM
		{70D7CC64-3B67-4EE4-B41C-B6D128079A75}.Release|ARM.Build.0 = Release|ARM
		{70D7CC64-3B67-4EE4-B41C-B6D128079A75}.Release|ARM.Deploy.0 = Release|ARM
		{70D7CC64-3B67-4EE4-B41C-B6D128079A75}.Release|x64.ActiveCfg = Release|Any CPU
		{70D7CC64-3B67-4EE4-B41C-B6D128079A75}.Release|x86.ActiveCfg = Release|x86
		{70D7CC64-3B67-4EE4-B41C-B6D128079A75}.Release|x86.Build.0 = Release|x86
		{70D7CC64-3B67-4EE4-B41C-B6D128079A75}.Release|x86.Deploy.0 = Release|x86
	EndGlobalSection
	GlobalSection(SolutionProperties) = preSolution
		HideSolutionNode = FALSE
	EndGlobalSection
	GlobalSection(NestedProjects) = preSolution
		{0473255C-BF14-43C5-8AE8-CA58B247DDC3} = {EFA71BA7-28D2-4FD2-BF27-CF9165E7270F}
		{70D7CC64-3B67-4EE4-B41C-B6D128079A75} = {EFA71BA7-28D2-4FD2-BF27-CF9165E7270F}
	EndGlobalSection
EndGlobal
